
Microsoft Visual Studio Solution File, Format Version 12.00
# Visual Studio Version 17
VisualStudioVersion = 17.4.33205.214
MinimumVisualStudioVersion = 10.0.40219.1
Project("{FAE04EC0-301F-11D3-BF4B-00C04F79EFBC}") = "ConsoleApp1", "ConsoleApp1\ConsoleApp1.csproj", "{03520126-42DD-4167-B9B4-796E7C496022}"
EndProject
Global
	GlobalSection(SolutionConfigurationPlatforms) = preSolution
		Debug|Any CPU = Debug|Any CPU
		Release|Any CPU = Release|Any CPU
	EndGlobalSection
	GlobalSection(ProjectConfigurationPlatforms) = postSolution
		{03520126-42DD-4167-B9B4-796E7C496022}.Debug|Any CPU.ActiveCfg = Debug|Any CPU
		{03520126-42DD-4167-B9B4-796E7C496022}.Debug|Any CPU.Build.0 = Debug|Any CPU
		{03520126-42DD-4167-B9B4-796E7C496022}.Release|Any CPU.ActiveCfg = Release|Any CPU
		{03520126-42DD-4167-B9B4-796E7C496022}.Release|Any CPU.Build.0 = Release|Any CPU
	EndGlobalSection
	GlobalSection(SolutionProperties) = preSolution
		HideSolutionNode = FALSE
	EndGlobalSection
	GlobalSection(ExtensibilityGlobals) = postSolution
		SolutionGuid = {A2EE8918-AED5-4EFF-BEE3-051A8CD21731}
	EndGlobalSection
EndGlobal
